ekyna_cms_editor_block_edit:
    path: /{blockId}/edit
    defaults: { _controller: "EkynaCmsBundle:Editor/Block:edit" }
    methods: [GET|POST]
    requirements:
        blockId: \d+
    options:
        expose: true

ekyna_cms_editor_block_change_type:
    path: /{blockId}/change-type
    defaults: { _controller: "EkynaCmsBundle:Editor/Block:changeType" }
    methods: [POST]
    requirements:
        blockId: \d+
    options:
        expose: true

ekyna_cms_editor_block_remove:
    path: /{blockId}/remove
    defaults: { _controller: "EkynaCmsBundle:Editor/Block:remove" }
    methods: [POST]
    requirements:
        blockId: \d+
    options:
        expose: true

ekyna_cms_editor_block_move_up:
    path: /{blockId}/move-up
    defaults: { _controller: "EkynaCmsBundle:Editor/Block:moveUp" }
    methods: [POST]
    requirements:
        blockId: \d+
    options:
        expose: true

ekyna_cms_editor_block_move_down:
    path: /{blockId}/move-down
    defaults: { _controller: "EkynaCmsBundle:Editor/Block:moveDown" }
    methods: [POST]
    requirements:
        blockId: \d+
    options:
        expose: true

ekyna_cms_editor_block_move_left:
    path: /{blockId}/move-left
    defaults: { _controller: "EkynaCmsBundle:Editor/Block:moveLeft" }
    methods: [POST]
    requirements:
        blockId: \d+
    options:
        expose: true

ekyna_cms_editor_block_move_right:
    path: /{blockId}/move-right
    defaults: { _controller: "EkynaCmsBundle:Editor/Block:moveRight" }
    methods: [POST]
    requirements:
        blockId: \d+
    options:
        expose: true

ekyna_cms_editor_block_pull:
    path: /{blockId}/pull
    defaults: { _controller: "EkynaCmsBundle:Editor/Block:pull" }
    methods: [POST]
    requirements:
        blockId: \d+
    options:
        expose: true

ekyna_cms_editor_block_push:
    path: /{blockId}/push
    defaults: { _controller: "EkynaCmsBundle:Editor/Block:push" }
    methods: [POST]
    requirements:
        blockId: \d+
    options:
        expose: true

ekyna_cms_editor_block_offset_left:
    path: /{blockId}/offset-left
    defaults: { _controller: "EkynaCmsBundle:Editor/Block:offsetLeft" }
    methods: [POST]
    requirements:
        blockId: \d+
    options:
        expose: true

ekyna_cms_editor_block_offset_right:
    path: /{blockId}/offset-right
    defaults: { _controller: "EkynaCmsBundle:Editor/Block:offsetRight" }
    methods: [POST]
    requirements:
        blockId: \d+
    options:
        expose: true

ekyna_cms_editor_block_compress:
    path: /{blockId}/compress
    defaults: { _controller: "EkynaCmsBundle:Editor/Block:compress" }
    methods: [POST]
    requirements:
        blockId: \d+
    options:
        expose: true

ekyna_cms_editor_block_expand:
    path: /{blockId}/expand
    defaults: { _controller: "EkynaCmsBundle:Editor/Block:expand" }
    methods: [POST]
    requirements:
        blockId: \d+
    options:
        expose: true
